{
  "nodes": {
    "nixpkgs": {
      "locked": {
        "lastModified": 1783795456,
        "narHash": "sha256-NQNLEvTXzs8IYRXXw7vrO9itG82X/GQcut41VD/rwg0=",
        "owner": "NixOS",
        "repo": "nixpkgs",
        "rev": "7578a0a0536bcdb24c6278425d5c27d325f8a080",
        "type": "github"
      },
      "original": {
        "owner": "NixOS",
        "ref": "nixos-unstable",
        "repo": "nixpkgs",
        "type": "github"
      }
    },
    "root": {
      "inputs": {
        "nixpkgs": "nixpkgs"
      }
    }
  },
  "root": "root",
  "version": 7
}
